// !$*UTF8*$!
{
	archiveVersion = 1;
	classes = {
	};
	objectVersion = 50;
	objects = {

/* Begin PBXBuildFile section */
		C03494E923D9691300E2B049 /* ImageCollectionViewCell.swift in Sources */ = {isa = PBXBuildFile; fileRef = C03494E823D9691300E2B049 /* ImageCollectionViewCell.swift */; };
		C03494EB23D969E000E2B049 /* ImageCollectionViewController.swift in Sources */ = {isa = PBXBuildFile; fileRef = C03494EA23D969E000E2B049 /* ImageCollectionViewController.swift */; };
		C03494EF23D9D12A00E2B049 /* CollectionFlowLayout.swift in Sources */ = {isa = PBXBuildFile; fileRef = C03494EE23D9D12A00E2B049 /* CollectionFlowLayout.swift */; };
		C0E8112523D84F1B00F3BAB0 /* AppDelegate.swift in Sources */ = {isa = PBXBuildFile; fileRef = C0E8112423D84F1B00F3BAB0 /* AppDelegate.swift */; };
		C0E8112723D84F1B00F3BAB0 /* SceneDelegate.swift in Sources */ = {isa = PBXBuildFile; fileRef = C0E8112623D84F1B00F3BAB0 /* SceneDelegate.swift */; };
		C0E8112923D84F1B00F3BAB0 /* ViewController.swift in Sources */ = {isa = PBXBuildFile; fileRef = C0E8112823D84F1B00F3BAB0 /* ViewController.swift */; };
		C0E8112C23D84F1B00F3BAB0 /* Main.storyboard in Resources */ = {isa = PBXBuildFile; fileRef = C0E8112A23D84F1B00F3BAB0 /* Main.storyboard */; };
		C0E8112E23D84F1F00F3BAB0 /* Assets.xcassets in Resources */ = {isa = PBXBuildFile; fileRef = C0E8112D23D84F1F00F3BAB0 /* Assets.xcassets */; };
		C0E8113123D84F1F00F3BAB0 /* LaunchScreen.storyboard in Resources */ = {isa = PBXBuildFile; fileRef = C0E8112F23D84F1F00F3BAB0 /* LaunchScreen.storyboard */; };
		C0E8113923D8657B00F3BAB0 /* GridView.swift in Sources */ = {isa = PBXBuildFile; fileRef = C0E8113823D8657B00F3BAB0 /* GridView.swift */; };
		C0E8113B23D878BF00F3BAB0 /* CutImage.swift in Sources */ = {isa = PBXBuildFile; fileRef = C0E8113A23D878BF00F3BAB0 /* CutImage.swift */; };
/* End PBXBuildFile section */

/* Begin PBXFileReference section */
		C03494E823D9691300E2B049 /* ImageCollectionViewCell.swift */ = {isa = PBXFileReference; lastKnownFileType = sourcecode.swift; path = ImageCollectionViewCell.swift; sourceTree = "<group>"; };
		C03494EA23D969E000E2B049 /* ImageCollectionViewController.swift */ = {isa = PBXFileReference; lastKnownFileType = sourcecode.swift; path = ImageCollectionViewController.swift; sourceTree = "<group>"; };
		C03494EE23D9D12A00E2B049 /* CollectionFlowLayout.swift */ = {isa = PBXFileReference; lastKnownFileType = sourcecode.swift; path = CollectionFlowLayout.swift; sourceTree = "<group>"; };
		C0E8112123D84F1B00F3BAB0 /* GiantGridDemo.app */ = {isa = PBXFileReference; explicitFileType = wrapper.application; includeInIndex = 0; path = GiantGridDemo.app; sourceTree = BUILT_PRODUCTS_DIR; };
		C0E8112423D84F1B00F3BAB0 /* AppDelegate.swift */ = {isa = PBXFileReference; lastKnownFileType = sourcecode.swift; path = AppDelegate.swift; sourceTree = "<group>"; };
		C0E8112623D84F1B00F3BAB0 /* SceneDelegate.swift */ = {isa = PBXFileReference; lastKnownFileType = sourcecode.swift; path = SceneDelegate.swift; sourceTree = "<group>"; };
		C0E8112823D84F1B00F3BAB0 /* ViewController.swift */ = {isa = PBXFileReference; lastKnownFileType = sourcecode.swift; path = ViewController.swift; sourceTree = "<group>"; };
		C0E8112B23D84F1B00F3BAB0 /* Base */ = {isa = PBXFileReference; lastKnownFileType = file.storyboard; name = Base; path = Base.lproj/Main.storyboard; sourceTree = "<group>"; };
		C0E8112D23D84F1F00F3BAB0 /* Assets.xcassets */ = {isa = PBXFileReference; lastKnownFileType = folder.assetcatalog; path = Assets.xcassets; sourceTree = "<group>"; };
		C0E8113023D84F1F00F3BAB0 /* Base */ = {isa = PBXFileReference; lastKnownFileType = file.storyboard; name = Base; path = Base.lproj/LaunchScreen.storyboard; sourceTree = "<group>"; };
		C0E8113223D84F1F00F3BAB0 /* Info.plist */ = {isa = PBXFileReference; lastKnownFileType = text.plist.xml; path = Info.plist; sourceTree = "<group>"; };
		C0E8113823D8657B00F3BAB0 /* GridView.swift */ = {isa = PBXFileReference; lastKnownFileType = sourcecode.swift; path = GridView.swift; sourceTree = "<group>"; };
		C0E8113A23D878BF00F3BAB0 /* CutImage.swift */ = {isa = PBXFileReference; lastKnownFileType = sourcecode.swift; path = CutImage.swift; sourceTree = "<group>"; };
/* End PBXFileReference section */

/* Begin PBXFrameworksBuildPhase section */
		C0E8111E23D84F1B00F3BAB0 /* Frameworks */ = {
			isa = PBXFrameworksBuildPhase;
			buildActionMask = 2147483647;
			files = (
			);
			runOnlyForDeploymentPostprocessing = 0;
		};
/* End PBXFrameworksBuildPhase section */

/* Begin PBXGroup section */
		C0E8111823D84F1B00F3BAB0 = {
			isa = PBXGroup;
			children = (
				C0E8112323D84F1B00F3BAB0 /* GiantGridDemo */,
				C0E8112223D84F1B00F3BAB0 /* Products */,
			);
			sourceTree = "<group>";
		};
		C0E8112223D84F1B00F3BAB0 /* Products */ = {
			isa = PBXGroup;
			children = (
				C0E8112123D84F1B00F3BAB0 /* GiantGridDemo.app */,
			);
			name = Products;
			sourceTree = "<group>";
		};
		C0E8112323D84F1B00F3BAB0 /* GiantGridDemo */ = {
			isa = PBXGroup;
			children = (
				C0E8112423D84F1B00F3BAB0 /* AppDelegate.swift */,
				C0E8112623D84F1B00F3BAB0 /* SceneDelegate.swift */,
				C0E8112823D84F1B00F3BAB0 /* ViewController.swift */,
				C0E8112A23D84F1B00F3BAB0 /* Main.storyboard */,
				C0E8112D23D84F1F00F3BAB0 /* Assets.xcassets */,
				C0E8112F23D84F1F00F3BAB0 /* LaunchScreen.storyboard */,
				C0E8113223D84F1F00F3BAB0 /* Info.plist */,
				C0E8113823D8657B00F3BAB0 /* GridView.swift */,
				C0E8113A23D878BF00F3BAB0 /* CutImage.swift */,
				C03494E823D9691300E2B049 /* ImageCollectionViewCell.swift */,
				C03494EA23D969E000E2B049 /* ImageCollectionViewController.swift */,
				C03494EE23D9D12A00E2B049 /* CollectionFlowLayout.swift */,
			);
			path = GiantGridDemo;
			sourceTree = "<group>";
		};
/* End PBXGroup section */

/* Begin PBXNativeTarget section */
		C0E8112023D84F1B00F3BAB0 /* GiantGridDemo */ = {
			isa = PBXNativeTarget;
			buildConfigurationList = C0E8113523D84F1F00F3BAB0 /* Build configuration list for PBXNativeTarget "GiantGridDemo" */;
			buildPhases = (
				C0E8111D23D84F1B00F3BAB0 /* Sources */,
				C0E8111E23D84F1B00F3BAB0 /* Frameworks */,
				C0E8111F23D84F1B00F3BAB0 /* Resources */,
			);
			buildRules = (
			);
			dependencies = (
			);
			name = GiantGridDemo;
			productName = GiantGridDemo;
			productReference = C0E8112123D84F1B00F3BAB0 /* GiantGridDemo.app */;
			productType = "com.apple.product-type.application";
		};
/* End PBXNativeTarget section */

/* Begin PBXProject section */
		C0E8111923D84F1B00F3BAB0 /* Project object */ = {
			isa = PBXProject;
			attributes = {
				LastSwiftUpdateCheck = 1130;
				LastUpgradeCheck = 1130;
				ORGANIZATIONNAME = "BOPPO TECHNOLOGIES";
				TargetAttributes = {
					C0E8112023D84F1B00F3BAB0 = {
						CreatedOnToolsVersion = 11.3;
					};
				};
			};
			buildConfigurationList = C0E8111C23D84F1B00F3BAB0 /* Build configuration list for PBXProject "GiantGridDemo" */;
			compatibilityVersion = "Xcode 9.3";
			developmentRegion = en;
			hasScannedForEncodings = 0;
			knownRegions = (
				en,
				Base,
			);
			mainGroup = C0E8111823D84F1B00F3BAB0;
			productRefGroup = C0E8112223D84F1B00F3BAB0 /* Products */;
			projectDirPath = "";
			projectRoot = "";
			targets = (
				C0E8112023D84F1B00F3BAB0 /* GiantGridDemo */,
			);
		};
/* End PBXProject section */

/* Begin PBXResourcesBuildPhase section */
		C0E8111F23D84F1B00F3BAB0 /* Resources */ = {
			isa = PBXResourcesBuildPhase;
			buildActionMask = 2147483647;
			files = (
				C0E8113123D84F1F00F3BAB0 /* LaunchScreen.storyboard in Resources */,
				C0E8112E23D84F1F00F3BAB0 /* Assets.xcassets in Resources */,
				C0E8112C23D84F1B00F3BAB0 /* Main.storyboard in Resources */,
			);
			runOnlyForDeploymentPostprocessing = 0;
		};
/* End PBXResourcesBuildPhase section */

/* Begin PBXSourcesBuildPhase section */
		C0E8111D23D84F1B00F3BAB0 /* Sources */ = {
			isa = PBXSourcesBuildPhase;
			buildActionMask = 2147483647;
			files = (
				C03494EB23D969E000E2B049 /* ImageCollectionViewController.swift in Sources */,
				C03494E923D9691300E2B049 /* ImageCollectionViewCell.swift in Sources */,
				C0E8113B23D878BF00F3BAB0 /* CutImage.swift in Sources */,
				C0E8112923D84F1B00F3BAB0 /* ViewController.swift in Sources */,
				C0E8112523D84F1B00F3BAB0 /* AppDelegate.swift in Sources */,
				C0E8113923D8657B00F3BAB0 /* GridView.swift in Sources */,
				C0E8112723D84F1B00F3BAB0 /* SceneDelegate.swift in Sources */,
				C03494EF23D9D12A00E2B049 /* CollectionFlowLayout.swift in Sources */,
			);
			runOnlyForDeploymentPostprocessing = 0;
		};
/* End PBXSourcesBuildPhase section */

/* Begin PBXVariantGroup section */
		C0E8112A23D84F1B00F3BAB0 /* Main.storyboard */ = {
			isa = PBXVariantGroup;
			children = (
				C0E8112B23D84F1B00F3BAB0 /* Base */,
			);
			name = Main.storyboard;
			sourceTree = "<group>";
		};
		C0E8112F23D84F1F00F3BAB0 /* LaunchScreen.storyboard */ = {
			isa = PBXVariantGroup;
			children = (
				C0E8113023D84F1F00F3BAB0 /* Base */,
			);
			name = LaunchScreen.storyboard;
			sourceTree = "<group>";
		};
/* End PBXVariantGroup section */

/* Begin XCBuildConfiguration section */
		C0E8113323D84F1F00F3BAB0 /* Debug */ = {
			isa = XCBuildConfiguration;
			buildSettings = {
				ALWAYS_SEARCH_USER_PATHS = NO;
				CLANG_ANALYZER_NONNULL = YES;
				CLANG_ANALYZER_NUMBER_OBJECT_CONVERSION = YES_AGGRESSIVE;
				CLANG_CXX_LANGUAGE_STANDARD = "gnu++14";
				CLANG_CXX_LIBRARY = "libc++";
				CLANG_ENABLE_MODULES = YES;
				CLANG_ENABLE_OBJC_ARC = YES;
				CLANG_ENABLE_OBJC_WEAK = YES;
				CLANG_WARN_BLOCK_CAPTURE_AUTORELEASING = YES;
				CLANG_WARN_BOOL_CONVERSION = YES;
				CLANG_WARN_COMMA = YES;
				CLANG_WARN_CONSTANT_CONVERSION = YES;
				CLANG_WARN_DEPRECATED_OBJC_IMPLEMENTATIONS = YES;
				CLANG_WARN_DIRECT_OBJC_ISA_USAGE = YES_ERROR;
				CLANG_WARN_DOCUMENTATION_COMMENTS = YES;
				CLANG_WARN_EMPTY_BODY = YES;
				CLANG_WARN_ENUM_CONVERSION = YES;
				CLANG_WARN_INFINITE_RECURSION = YES;
				CLANG_WARN_INT_CONVERSION = YES;
				CLANG_WARN_NON_LITERAL_NULL_CONVERSION = YES;
				CLANG_WARN_OBJC_IMPLICIT_RETAIN_SELF = YES;
				CLANG_WARN_OBJC_LITERAL_CONVERSION = YES;
				CLANG_WARN_OBJC_ROOT_CLASS = YES_ERROR;
				CLANG_WARN_RANGE_LOOP_ANALYSIS = YES;
				CLANG_WARN_STRICT_PROTOTYPES = YES;
				CLANG_WARN_SUSPICIOUS_MOVE = YES;
				CLANG_WARN_UNGUARDED_AVAILABILITY = YES_AGGRESSIVE;
				CLANG_WARN_UNREACHABLE_CODE = YES;
				CLANG_WARN__DUPLICATE_METHOD_MATCH = YES;
				COPY_PHASE_STRIP = NO;
				DEBUG_INFORMATION_FORMAT = dwarf;
				ENABLE_STRICT_OBJC_MSGSEND = YES;
				ENABLE_TESTABILITY = YES;
				GCC_C_LANGUAGE_STANDARD = gnu11;
				GCC_DYNAMIC_NO_PIC = NO;
				GCC_NO_COMMON_BLOCKS = YES;
				GCC_OPTIMIZATION_LEVEL = 0;
				GCC_PREPROCESSOR_DEFINITIONS = (
					"DEBUG=1",
					"$(inherited)",
				);
				GCC_WARN_64_TO_32_BIT_CONVERSION = YES;
				GCC_WARN_ABOUT_RETURN_TYPE = YES_ERROR;
				GCC_WARN_UNDECLARED_SELECTOR = YES;
				GCC_WARN_UNINITIALIZED_AUTOS = YES_AGGRESSIVE;
				GCC_WARN_UNUSED_FUNCTION = YES;
				GCC_WARN_UNUSED_VARIABLE = YES;
				IPHONEOS_DEPLOYMENT_TARGET = 13.2;
				MTL_ENABLE_DEBUG_INFO = INCLUDE_SOURCE;
				MTL_FAST_MATH = YES;
				ONLY_ACTIVE_ARCH = YES;
				SDKROOT = iphoneos;
				SWIFT_ACTIVE_COMPILATION_CONDITIONS = DEBUG;
				SWIFT_OPTIMIZATION_LEVEL = "-Onone";
			};
			name = Debug;
		};
		C0E8113423D84F1F00F3BAB0 /* Release */ = {
			isa = XCBuildConfiguration;
			buildSettings = {
				ALWAYS_SEARCH_USER_PATHS = NO;
				CLANG_ANALYZER_NONNULL = YES;
				CLANG_ANALYZER_NUMBER_OBJECT_CONVERSION = YES_AGGRESSIVE;
				CLANG_CXX_LANGUAGE_STANDARD = "gnu++14";
				CLANG_CXX_LIBRARY = "libc++";
				CLANG_ENABLE_MODULES = YES;
				CLANG_ENABLE_OBJC_ARC = YES;
				CLANG_ENABLE_OBJC_WEAK = YES;
				CLANG_WARN_BLOCK_CAPTURE_AUTORELEASING = YES;
				CLANG_WARN_BOOL_CONVERSION = YES;
				CLANG_WARN_COMMA = YES;
				CLANG_WARN_CONSTANT_CONVERSION = YES;
				CLANG_WARN_DEPRECATED_OBJC_IMPLEMENTATIONS = YES;
				CLANG_WARN_DIRECT_OBJC_ISA_USAGE = YES_ERROR;
				CLANG_WARN_DOCUMENTATION_COMMENTS = YES;
				CLANG_WARN_EMPTY_BODY = YES;
				CLANG_WARN_ENUM_CONVERSION = YES;
				CLANG_WARN_INFINITE_RECURSION = YES;
				CLANG_WARN_INT_CONVERSION = YES;
				CLANG_WARN_NON_LITERAL_NULL_CONVERSION = YES;
				CLANG_WARN_OBJC_IMPLICIT_RETAIN_SELF = YES;
				CLANG_WARN_OBJC_LITERAL_CONVERSION = YES;
				CLANG_WARN_OBJC_ROOT_CLASS = YES_ERROR;
				CLANG_WARN_RANGE_LOOP_ANALYSIS = YES;
				CLANG_WARN_STRICT_PROTOTYPES = YES;
				CLANG_WARN_SUSPICIOUS_MOVE = YES;
				CLANG_WARN_UNGUARDED_AVAILABILITY = YES_AGGRESSIVE;
				CLANG_WARN_UNREACHABLE_CODE = YES;
				CLANG_WARN__DUPLICATE_METHOD_MATCH = YES;
				COPY_PHASE_STRIP = NO;
				DEBUG_INFORMATION_FORMAT = "dwarf-with-dsym";
				ENABLE_NS_ASSERTIONS = NO;
				ENABLE_STRICT_OBJC_MSGSEND = YES;
				GCC_C_LANGUAGE_STANDARD = gnu11;
				GCC_NO_COMMON_BLOCKS = YES;
				GCC_WARN_64_TO_32_BIT_CONVERSION = YES;
				GCC_WARN_ABOUT_RETURN_TYPE = YES_ERROR;
				GCC_WARN_UNDECLARED_SELECTOR = YES;
				GCC_WARN_UNINITIALIZED_AUTOS = YES_AGGRESSIVE;
				GCC_WARN_UNUSED_FUNCTION = YES;
				GCC_WARN_UNUSED_VARIABLE = YES;
				IPHONEOS_DEPLOYMENT_TARGET = 13.2;
				MTL_ENABLE_DEBUG_INFO = NO;
				MTL_FAST_MATH = YES;
				SDKROOT = iphoneos;
				SWIFT_COMPILATION_MODE = wholemodule;
				SWIFT_OPTIMIZATION_LEVEL = "-O";
				VALIDATE_PRODUCT = YES;
			};
			name = Release;
		};
		C0E8113623D84F1F00F3BAB0 /* Debug */ = {
			isa = XCBuildConfiguration;
			buildSettings = {
				ASSETCATALOG_COMPILER_APPICON_NAME = AppIcon;
				CODE_SIGN_STYLE = Automatic;
				DEVELOPMENT_TEAM = 3Y2GQ393SC;
				INFOPLIST_FILE = GiantGridDemo/Info.plist;
				LD_RUNPATH_SEARCH_PATHS = (
					"$(inherited)",
					"@executable_path/Frameworks",
				);
				PRODUCT_BUNDLE_IDENTIFIER = boppotechnologies.GiantGridDemo;
				PRODUCT_NAME = "$(TARGET_NAME)";
				SWIFT_VERSION = 5.0;
				TARGETED_DEVICE_FAMILY = "1,2";
			};
			name = Debug;
		};
		C0E8113723D84F1F00F3BAB0 /* Release */ = {
			isa = XCBuildConfiguration;
			buildSettings = {
				ASSETCATALOG_COMPILER_APPICON_NAME = AppIcon;
				CODE_SIGN_STYLE = Automatic;
				DEVELOPMENT_TEAM = 3Y2GQ393SC;
				INFOPLIST_FILE = GiantGridDemo/Info.plist;
				LD_RUNPATH_SEARCH_PATHS = (
					"$(inherited)",
					"@executable_path/Frameworks",
				);
				PRODUCT_BUNDLE_IDENTIFIER = boppotechnologies.GiantGridDemo;
				PRODUCT_NAME = "$(TARGET_NAME)";
				SWIFT_VERSION = 5.0;
				TARGETED_DEVICE_FAMILY = "1,2";
			};
			name = Release;
		};
/* End XCBuildConfiguration section */

/* Begin XCConfigurationList section */
		C0E8111C23D84F1B00F3BAB0 /* Build configuration list for PBXProject "GiantGridDemo" */ = {
			isa = XCConfigurationList;
			buildConfigurations = (
				C0E8113323D84F1F00F3BAB0 /* Debug */,
				C0E8113423D84F1F00F3BAB0 /* Release */,
			);
			defaultConfigurationIsVisible = 0;
			defaultConfigurationName = Release;
		};
		C0E8113523D84F1F00F3BAB0 /* Build configuration list for PBXNativeTarget "GiantGridDemo" */ = {
			isa = XCConfigurationList;
			buildConfigurations = (
				C0E8113623D84F1F00F3BAB0 /* Debug */,
				C0E8113723D84F1F00F3BAB0 /* Release */,
			);
			defaultConfigurationIsVisible = 0;
			defaultConfigurationName = Release;
		};
/* End XCConfigurationList section */
	};
	rootObject = C0E8111923D84F1B00F3BAB0 /* Project object */;
}
